
Microsoft Visual Studio Solution File, Format Version 12.00
# Visual Studio 15
VisualStudioVersion = 15.0.26730.16
MinimumVisualStudioVersion = 10.0.40219.1
Project("{FAE04EC0-301F-11D3-BF4B-00C04F79EFBC}") = "ProjAula2.2", "ProjAula2.2\ProjAula2.2.csproj", "{5EF75E8D-5494-4EA4-B587-D4F8C1B23A77}"
EndProject
Global
	GlobalSection(SolutionConfigurationPlatforms) = preSolution
		Debug|Any CPU = Debug|Any CPU
		Release|Any CPU = Release|Any CPU
	EndGlobalSection
	GlobalSection(ProjectConfigurationPlatforms) = postSolution
		{5EF75E8D-5494-4EA4-B587-D4F8C1B23A77}.Debug|Any CPU.ActiveCfg = Debug|Any CPU
		{5EF75E8D-5494-4EA4-B587-D4F8C1B23A77}.Debug|Any CPU.Build.0 = Debug|Any CPU
		{5EF75E8D-5494-4EA4-B587-D4F8C1B23A77}.Release|Any CPU.ActiveCfg = Release|Any CPU
		{5EF75E8D-5494-4EA4-B587-D4F8C1B23A77}.Release|Any CPU.Build.0 = Release|Any CPU
	EndGlobalSection
	GlobalSection(SolutionProperties) = preSolution
		HideSolutionNode = FALSE
	EndGlobalSection
	GlobalSection(ExtensibilityGlobals) = postSolution
		SolutionGuid = {24AD482C-2EC6-497E-A8AC-894161E71100}
	EndGlobalSection
EndGlobal
